
Microsoft Visual Studio Solution File, Format Version 12.00
# Visual Studio Version 16
VisualStudioVersion = 16.0.31321.278
MinimumVisualStudioVersion = 10.0.40219.1
Project("{FAE04EC0-301F-11D3-BF4B-00C04F79EFBC}") = "CSBasic10-winform", "CSBasic10-winform\CSBasic10-winform.csproj", "{F54879AB-4A20-423A-877F-B26E9BA4ED67}"
EndProject
Global
	GlobalSection(SolutionConfigurationPlatforms) = preSolution
		Debug|Any CPU = Debug|Any CPU
		Release|Any CPU = Release|Any CPU
	EndGlobalSection
	GlobalSection(ProjectConfigurationPlatforms) = postSolution
		{F54879AB-4A20-423A-877F-B26E9BA4ED67}.Debug|Any CPU.ActiveCfg = Debug|Any CPU
		{F54879AB-4A20-423A-877F-B26E9BA4ED67}.Debug|Any CPU.Build.0 = Debug|Any CPU
		{F54879AB-4A20-423A-877F-B26E9BA4ED67}.Release|Any CPU.ActiveCfg = Release|Any CPU
		{F54879AB-4A20-423A-877F-B26E9BA4ED67}.Release|Any CPU.Build.0 = Release|Any CPU
	EndGlobalSection
	GlobalSection(SolutionProperties) = preSolution
		HideSolutionNode = FALSE
	EndGlobalSection
	GlobalSection(ExtensibilityGlobals) = postSolution
		SolutionGuid = {045D6347-F284-4E87-820C-3851F75811B1}
	EndGlobalSection
EndGlobal
