
Microsoft Visual Studio Solution File, Format Version 12.00
# Visual Studio Version 16
VisualStudioVersion = 16.0.31025.194
MinimumVisualStudioVersion = 10.0.40219.1
Project("{FAE04EC0-301F-11D3-BF4B-00C04F79EFBC}") = "CSBasic3", "CSBasic3\CSBasic3.csproj", "{6A5CA5C8-EAE4-4265-8C99-ACFB23FACC80}"
EndProject
Global
	GlobalSection(SolutionConfigurationPlatforms) = preSolution
		Debug|Any CPU = Debug|Any CPU
		Release|Any CPU = Release|Any CPU
	EndGlobalSection
	GlobalSection(ProjectConfigurationPlatforms) = postSolution
		{6A5CA5C8-EAE4-4265-8C99-ACFB23FACC80}.Debug|Any CPU.ActiveCfg = Debug|Any CPU
		{6A5CA5C8-EAE4-4265-8C99-ACFB23FACC80}.Debug|Any CPU.Build.0 = Debug|Any CPU
		{6A5CA5C8-EAE4-4265-8C99-ACFB23FACC80}.Release|Any CPU.ActiveCfg = Release|Any CPU
		{6A5CA5C8-EAE4-4265-8C99-ACFB23FACC80}.Release|Any CPU.Build.0 = Release|Any CPU
	EndGlobalSection
	GlobalSection(SolutionProperties) = preSolution
		HideSolutionNode = FALSE
	EndGlobalSection
	GlobalSection(ExtensibilityGlobals) = postSolution
		SolutionGuid = {C43C9C95-0874-484A-BB2D-B229162F5A11}
	EndGlobalSection
EndGlobal
